
Microsoft Visual Studio Solution File, Format Version 12.00
# Visual Studio Version 16
VisualStudioVersion = 16.0.30128.74
MinimumVisualStudioVersion = 10.0.40219.1
Project("{FAE04EC0-301F-11D3-BF4B-00C04F79EFBC}") = "Client_Records", "Client_Records\Client_Records.csproj", "{1AC9E0FA-B8CC-4228-A9FA-88A918D68D7E}"
EndProject
Global
	GlobalSection(SolutionConfigurationPlatforms) = preSolution
		Debug|Any CPU = Debug|Any CPU
		Release|Any CPU = Release|Any CPU
	EndGlobalSection
	GlobalSection(ProjectConfigurationPlatforms) = postSolution
		{1AC9E0FA-B8CC-4228-A9FA-88A918D68D7E}.Debug|Any CPU.ActiveCfg = Debug|Any CPU
		{1AC9E0FA-B8CC-4228-A9FA-88A918D68D7E}.Debug|Any CPU.Build.0 = Debug|Any CPU
		{1AC9E0FA-B8CC-4228-A9FA-88A918D68D7E}.Release|Any CPU.ActiveCfg = Release|Any CPU
		{1AC9E0FA-B8CC-4228-A9FA-88A918D68D7E}.Release|Any CPU.Build.0 = Release|Any CPU
	EndGlobalSection
	GlobalSection(SolutionProperties) = preSolution
		HideSolutionNode = FALSE
	EndGlobalSection
	GlobalSection(ExtensibilityGlobals) = postSolution
		SolutionGuid = {8CC35859-9ED2-4F74-A938-DBFBF5738D22}
	EndGlobalSection
EndGlobal
